<?xml version="1.0" encoding="utf-8"?>
<Project ToolsVersion="4.0" xmlns="http://schemas.microsoft.com/developer/msbuild/2003">
  <ItemGroup>
    <Filter Include="소스 파일">
      <UniqueIdentifier>{4FC737F1-C7A5-4376-A066-2A32D752A2FF}</UniqueIdentifier>
      <Extensions>cpp;c;cc;cxx;c++;cppm;ixx;def;odl;idl;hpj;bat;asm;asmx</Extensions>
    </Filter>
    <Filter Include="헤더 파일">
      <UniqueIdentifier>{93995380-89BD-4b04-88EB-625FBE52EBFB}</UniqueIdentifier>
      <Extensions>h;hh;hpp;hxx;h++;hm;inl;inc;ipp;xsd</Extensions>
    </Filter>
    <Filter Include="리소스 파일">
      <UniqueIdentifier>{67DA6AB6-F800-4c08-8B7A-83BB121AAD01}</UniqueIdentifier>
      <Extensions>rc;ico;cur;bmp;dlg;rc2;rct;bin;rgs;gif;jpg;jpeg;jpe;resx;tiff;tif;png;wav;mfcribbon-ms</Extensions>
    </Filter>
  </ItemGroup>
  <ItemGroup>
    <ClInclude Include="targetver.h">
      <Filter>헤더 파일</Filter>
    </ClInclude>
    <ClInclude Include="Resource.h">
      <Filter>헤더 파일</Filter>
    </ClInclude>
    <ClInclude Include="HelioUnreal.h">
      <Filter>헤더 파일</Filter>
    </ClInclude>
    <ClInclude Include="std\iPoint.h">
      <Filter>헤더 파일</Filter>
    </ClInclude>
    <ClInclude Include="std\iColor.h">
      <Filter>헤더 파일</Filter>
    </ClInclude>
    <ClInclude Include="std\iSize.h">
      <Filter>헤더 파일</Filter>
    </ClInclude>
    <ClInclude Include="std\iRect.h">
      <Filter>헤더 파일</Filter>
    </ClInclude>
    <ClInclude Include="std\iString.h">
      <Filter>헤더 파일</Filter>
    </ClInclude>
    <ClInclude Include="std\iStd.h">
      <Filter>헤더 파일</Filter>
    </ClInclude>
    <ClInclude Include="game\Game.h">
      <Filter>헤더 파일</Filter>
    </ClInclude>
    <ClInclude Include="game\Lotto.h">
      <Filter>헤더 파일</Filter>
    </ClInclude>
    <ClInclude Include="game\Tripple.h">
      <Filter>헤더 파일</Filter>
    </ClInclude>
    <ClInclude Include="std\iSort.h">
      <Filter>헤더 파일</Filter>
    </ClInclude>
    <ClInclude Include="std\iFPS.h">
      <Filter>헤더 파일</Filter>
    </ClInclude>
    <ClInclude Include="game\AirShooting.h">
      <Filter>헤더 파일</Filter>
    </ClInclude>
    <ClInclude Include="std\iDefine.h">
      <Filter>헤더 파일</Filter>
    </ClInclude>
    <ClInclude Include="game\Memory.h">
      <Filter>헤더 파일</Filter>
    </ClInclude>
    <ClInclude Include="std\iArray.h">
      <Filter>헤더 파일</Filter>
    </ClInclude>
    <ClInclude Include="std\iImage.h">
      <Filter>헤더 파일</Filter>
    </ClInclude>
    <ClInclude Include="game\PS.h">
      <Filter>헤더 파일</Filter>
    </ClInclude>
    <ClInclude Include="std\iGraphics.h">
      <Filter>헤더 파일</Filter>
    </ClInclude>
    <ClInclude Include="std\iPopup.h">
      <Filter>헤더 파일</Filter>
    </ClInclude>
    <ClInclude Include="game\Animating.h">
      <Filter>헤더 파일</Filter>
    </ClInclude>
    <ClInclude Include="std\iShortestPath.h">
      <Filter>헤더 파일</Filter>
    </ClInclude>
    <ClInclude Include="game\CtrlImage.h">
      <Filter>헤더 파일</Filter>
    </ClInclude>
    <ClInclude Include="game\Oops.h">
      <Filter>헤더 파일</Filter>
    </ClInclude>
    <ClInclude Include="game\Comp.h">
      <Filter>헤더 파일</Filter>
    </ClInclude>
    <ClInclude Include="std\iOpenGL.h">
      <Filter>헤더 파일</Filter>
    </ClInclude>
    <ClInclude Include="std\iStrTex.h">
      <Filter>헤더 파일</Filter>
    </ClInclude>
    <ClInclude Include="game\ImageText.h">
      <Filter>헤더 파일</Filter>
    </ClInclude>
    <ClInclude Include="game\VN.h">
      <Filter>헤더 파일</Filter>
    </ClInclude>
    <ClInclude Include="game\4Myen.h">
      <Filter>헤더 파일</Filter>
    </ClInclude>
    <ClInclude Include="game\Lemon.h">
      <Filter>헤더 파일</Filter>
    </ClInclude>
    <ClInclude Include="game\LemonMenu.h">
      <Filter>헤더 파일</Filter>
    </ClInclude>
    <ClInclude Include="game\LemonProc.h">
      <Filter>헤더 파일</Filter>
    </ClInclude>
    <ClInclude Include="std\iShadertoy.h">
      <Filter>헤더 파일</Filter>
    </ClInclude>
    <ClInclude Include="game\DT.h">
      <Filter>헤더 파일</Filter>
    </ClInclude>
    <ClInclude Include="game\DTLogin.h">
      <Filter>헤더 파일</Filter>
    </ClInclude>
    <ClInclude Include="game\DTObject.h">
      <Filter>헤더 파일</Filter>
    </ClInclude>
    <ClInclude Include="game\DTProc.h">
      <Filter>헤더 파일</Filter>
    </ClInclude>
    <ClInclude Include="game\DTProcUI.h">
      <Filter>헤더 파일</Filter>
    </ClInclude>
    <ClInclude Include="game\DTLoading.h">
      <Filter>헤더 파일</Filter>
    </ClInclude>
  </ItemGroup>
  <ItemGroup>
    <ClCompile Include="HelioUnreal.cpp">
      <Filter>소스 파일</Filter>
    </ClCompile>
    <ClCompile Include="std\iPoint.cpp">
      <Filter>소스 파일</Filter>
    </ClCompile>
    <ClCompile Include="std\iColor.cpp">
      <Filter>소스 파일</Filter>
    </ClCompile>
    <ClCompile Include="std\iSize.cpp">
      <Filter>소스 파일</Filter>
    </ClCompile>
    <ClCompile Include="std\iRect.cpp">
      <Filter>소스 파일</Filter>
    </ClCompile>
    <ClCompile Include="std\iString.cpp">
      <Filter>소스 파일</Filter>
    </ClCompile>
    <ClCompile Include="std\iStd.cpp">
      <Filter>소스 파일</Filter>
    </ClCompile>
    <ClCompile Include="game\Game.cpp">
      <Filter>소스 파일</Filter>
    </ClCompile>
    <ClCompile Include="game\Lotto.cpp">
      <Filter>소스 파일</Filter>
    </ClCompile>
    <ClCompile Include="game\Tripple.cpp">
      <Filter>소스 파일</Filter>
    </ClCompile>
    <ClCompile Include="std\iSort.cpp">
      <Filter>소스 파일</Filter>
    </ClCompile>
    <ClCompile Include="std\iFPS.cpp">
      <Filter>소스 파일</Filter>
    </ClCompile>
    <ClCompile Include="game\AirShooting.cpp">
      <Filter>소스 파일</Filter>
    </ClCompile>
    <ClCompile Include="game\Memory.cpp">
      <Filter>소스 파일</Filter>
    </ClCompile>
    <ClCompile Include="std\iArray.cpp">
      <Filter>소스 파일</Filter>
    </ClCompile>
    <ClCompile Include="std\iImage.cpp">
      <Filter>소스 파일</Filter>
    </ClCompile>
    <ClCompile Include="game\PS.cpp">
      <Filter>소스 파일</Filter>
    </ClCompile>
    <ClCompile Include="std\iGraphics.cpp">
      <Filter>소스 파일</Filter>
    </ClCompile>
    <ClCompile Include="std\iPopup.cpp">
      <Filter>소스 파일</Filter>
    </ClCompile>
    <ClCompile Include="game\Animating.cpp">
      <Filter>소스 파일</Filter>
    </ClCompile>
    <ClCompile Include="std\iShortestPath.cpp">
      <Filter>소스 파일</Filter>
    </ClCompile>
    <ClCompile Include="game\CtrlImage.cpp">
      <Filter>소스 파일</Filter>
    </ClCompile>
    <ClCompile Include="game\Oops.cpp">
      <Filter>소스 파일</Filter>
    </ClCompile>
    <ClCompile Include="game\Comp.cpp">
      <Filter>소스 파일</Filter>
    </ClCompile>
    <ClCompile Include="std\iOpenGL.cpp">
      <Filter>소스 파일</Filter>
    </ClCompile>
    <ClCompile Include="std\iStrTex.cpp">
      <Filter>소스 파일</Filter>
    </ClCompile>
    <ClCompile Include="game\ImageText.cpp">
      <Filter>소스 파일</Filter>
    </ClCompile>
    <ClCompile Include="game\VN.cpp">
      <Filter>소스 파일</Filter>
    </ClCompile>
    <ClCompile Include="glew.c">
      <Filter>소스 파일</Filter>
    </ClCompile>
    <ClCompile Include="game\4Myen.cpp">
      <Filter>소스 파일</Filter>
    </ClCompile>
    <ClCompile Include="game\Lemon.cpp">
      <Filter>소스 파일</Filter>
    </ClCompile>
    <ClCompile Include="game\LemonMenu.cpp">
      <Filter>소스 파일</Filter>
    </ClCompile>
    <ClCompile Include="game\LemonProc.cpp">
      <Filter>소스 파일</Filter>
    </ClCompile>
    <ClCompile Include="std\iShadertoy.cpp">
      <Filter>소스 파일</Filter>
    </ClCompile>
    <ClCompile Include="game\DT.cpp">
      <Filter>소스 파일</Filter>
    </ClCompile>
    <ClCompile Include="game\DTLogin.cpp">
      <Filter>소스 파일</Filter>
    </ClCompile>
    <ClCompile Include="game\DTObject.cpp">
      <Filter>소스 파일</Filter>
    </ClCompile>
    <ClCompile Include="game\DTProc.cpp">
      <Filter>소스 파일</Filter>
    </ClCompile>
    <ClCompile Include="game\DTProcUI.cpp">
      <Filter>소스 파일</Filter>
    </ClCompile>
    <ClCompile Include="game\DTLoading.cpp">
      <Filter>소스 파일</Filter>
    </ClCompile>
  </ItemGroup>
  <ItemGroup>
    <ResourceCompile Include="HelioUnreal.rc">
      <Filter>리소스 파일</Filter>
    </ResourceCompile>
  </ItemGroup>
  <ItemGroup>
    <Image Include="small.ico">
      <Filter>리소스 파일</Filter>
    </Image>
    <Image Include="HelioUnreal.ico">
      <Filter>리소스 파일</Filter>
    </Image>
  </ItemGroup>
</Project>